{
  "version": 4,
  "terraform_version": "1.8.2",
  "serial": 5,
  "lineage": "2372525c-6f24-2afc-98f8-93a781274201",
  "outputs": {},
  "resources": [
    {
      "mode": "managed",
      "type": "github_repository",
      "name": "tf-github",
      "provider": "provider[\"registry.terraform.io/hashicorp/github\"]",
      "instances": [
        {
          "schema_version": 1,
          "attributes": {
            "allow_auto_merge": false,
            "allow_merge_commit": true,
            "allow_rebase_merge": true,
            "allow_squash_merge": true,
            "allow_update_branch": false,
            "archive_on_destroy": null,
            "archived": false,
            "auto_init": true,
            "default_branch": "main",
            "delete_branch_on_merge": false,
            "description": "github-tf",
            "etag": "W/\"458e220c2d9be18284eeb87e6b2108047c954999e66863e69114d424fce9bd1f\"",
            "full_name": "Dharmendra-Chourasiya/tf-github-repo",
            "git_clone_url": "git://github.com/Dharmendra-Chourasiya/tf-github-repo.git",
            "gitignore_template": null,
            "has_discussions": false,
            "has_downloads": false,
            "has_issues": false,
            "has_projects": false,
            "has_wiki": false,
            "homepage_url": "",
            "html_url": "https://github.com/Dharmendra-Chourasiya/tf-github-repo",
            "http_clone_url": "https://github.com/Dharmendra-Chourasiya/tf-github-repo.git",
            "id": "tf-github-repo",
            "ignore_vulnerability_alerts_during_read": null,
            "is_template": false,
            "license_template": null,
            "merge_commit_message": "PR_TITLE",
            "merge_commit_title": "MERGE_MESSAGE",
            "name": "tf-github-repo",
            "node_id": "R_kgDOL2IJfg",
            "pages": [],
            "primary_language": "",
            "private": false,
            "repo_id": 794954110,
            "security_and_analysis": [
              {
                "advanced_security": [],
                "secret_scanning": [
                  {
                    "status": "enabled"
                  }
                ],
                "secret_scanning_push_protection": [
                  {
                    "status": "enabled"
                  }
                ]
              }
            ],
            "squash_merge_commit_message": "COMMIT_MESSAGES",
            "squash_merge_commit_title": "COMMIT_OR_PR_TITLE",
            "ssh_clone_url": "git@github.com:Dharmendra-Chourasiya/tf-github-repo.git",
            "svn_url": "https://github.com/Dharmendra-Chourasiya/tf-github-repo",
            "template": [],
            "topics": [],
            "visibility": "public",
            "vulnerability_alerts": false,
            "web_commit_signoff_required": false
          },
          "sensitive_attributes": [],
          "private": "eyJzY2hlbWFfdmVyc2lvbiI6IjEifQ=="
        }
      ]
    }
  ],
  "check_results": null
}
